// !$*UTF8*$!
{
	archiveVersion = 1;
	classes = {
	};
	objectVersion = 56;
	objects = {

/* Begin PBXBuildFile section */
		6F30D3A22B6B98580098D86C /* CachedAsyncImage in Frameworks */ = {isa = PBXBuildFile; productRef = 6F30D3A12B6B98580098D86C /* CachedAsyncImage */; };
		6F30D3A52B6B9A2F0098D86C /* MasonryStack in Frameworks */ = {isa = PBXBuildFile; productRef = 6F30D3A42B6B9A2F0098D86C /* MasonryStack */; };
		6F30D3A72B6C0B340098D86C /* SidebarView.swift in Sources */ = {isa = PBXBuildFile; fileRef = 6F30D3A62B6C0B340098D86C /* SidebarView.swift */; };
		6F30D3A92B6C31FA0098D86C /* AlbumsView.swift in Sources */ = {isa = PBXBuildFile; fileRef = 6F30D3A82B6C31FA0098D86C /* AlbumsView.swift */; };
		6FB01B932B6AEC1C00106352 /* PhotoAuraApp.swift in Sources */ = {isa = PBXBuildFile; fileRef = 6FB01B922B6AEC1C00106352 /* PhotoAuraApp.swift */; };
		6FB01B952B6AEC1C00106352 /* ContentView.swift in Sources */ = {isa = PBXBuildFile; fileRef = 6FB01B942B6AEC1C00106352 /* ContentView.swift */; };
		6FB01B972B6AEC1D00106352 /* Assets.xcassets in Resources */ = {isa = PBXBuildFile; fileRef = 6FB01B962B6AEC1D00106352 /* Assets.xcassets */; };
		6FB01B9A2B6AEC1D00106352 /* Preview Assets.xcassets in Resources */ = {isa = PBXBuildFile; fileRef = 6FB01B992B6AEC1D00106352 /* Preview Assets.xcassets */; };
		6FB01BA12B6AEC9300106352 /* LoginView.swift in Sources */ = {isa = PBXBuildFile; fileRef = 6FB01BA02B6AEC9300106352 /* LoginView.swift */; };
		6FB01BA82B6B4A7300106352 /* Lato-Thin.ttf in Resources */ = {isa = PBXBuildFile; fileRef = 6FB01BA32B6B4A7300106352 /* Lato-Thin.ttf */; };
		6FB01BA92B6B4A7300106352 /* Lato-Regular.ttf in Resources */ = {isa = PBXBuildFile; fileRef = 6FB01BA42B6B4A7300106352 /* Lato-Regular.ttf */; };
		6FB01BAA2B6B4A7300106352 /* Lato-Light.ttf in Resources */ = {isa = PBXBuildFile; fileRef = 6FB01BA52B6B4A7300106352 /* Lato-Light.ttf */; };
		6FB01BAB2B6B4A7300106352 /* Lato-Black.ttf in Resources */ = {isa = PBXBuildFile; fileRef = 6FB01BA62B6B4A7300106352 /* Lato-Black.ttf */; };
		6FB01BAC2B6B4A7300106352 /* Lato-Bold.ttf in Resources */ = {isa = PBXBuildFile; fileRef = 6FB01BA72B6B4A7300106352 /* Lato-Bold.ttf */; };
		6FC511382B6B5D960076CBC4 /* SetupView.swift in Sources */ = {isa = PBXBuildFile; fileRef = 6FC511372B6B5D960076CBC4 /* SetupView.swift */; };
		6FC5113A2B6B61E70076CBC4 /* Extentions.swift in Sources */ = {isa = PBXBuildFile; fileRef = 6FC511392B6B61E70076CBC4 /* Extentions.swift */; };
		6FC5113C2B6B650F0076CBC4 /* ViewModel.swift in Sources */ = {isa = PBXBuildFile; fileRef = 6FC5113B2B6B650F0076CBC4 /* ViewModel.swift */; };
		6FC5113E2B6B68070076CBC4 /* Models.swift in Sources */ = {isa = PBXBuildFile; fileRef = 6FC5113D2B6B68070076CBC4 /* Models.swift */; };
		6FC511432B6B73C60076CBC4 /* KeychainHelper.swift in Sources */ = {isa = PBXBuildFile; fileRef = 6FC511422B6B73C60076CBC4 /* KeychainHelper.swift */; };
		6FC511452B6B78F60076CBC4 /* PhotosView.swift in Sources */ = {isa = PBXBuildFile; fileRef = 6FC511442B6B78F60076CBC4 /* PhotosView.swift */; };
		6FE3781E2B6D87CE00EB3F5D /* AlbumView.swift in Sources */ = {isa = PBXBuildFile; fileRef = 6FE3781D2B6D87CE00EB3F5D /* AlbumView.swift */; };
		6FE378202B6D93FF00EB3F5D /* SettingsView.swift in Sources */ = {isa = PBXBuildFile; fileRef = 6FE3781F2B6D93FF00EB3F5D /* SettingsView.swift */; };
/* End PBXBuildFile section */

/* Begin PBXFileReference section */
		6F30D3A62B6C0B340098D86C /* SidebarView.swift */ = {isa = PBXFileReference; lastKnownFileType = sourcecode.swift; path = SidebarView.swift; sourceTree = "<group>"; };
		6F30D3A82B6C31FA0098D86C /* AlbumsView.swift */ = {isa = PBXFileReference; lastKnownFileType = sourcecode.swift; path = AlbumsView.swift; sourceTree = "<group>"; };
		6FB01B8F2B6AEC1C00106352 /* PhotoAura.app */ = {isa = PBXFileReference; explicitFileType = wrapper.application; includeInIndex = 0; path = PhotoAura.app; sourceTree = BUILT_PRODUCTS_DIR; };
		6FB01B922B6AEC1C00106352 /* PhotoAuraApp.swift */ = {isa = PBXFileReference; lastKnownFileType = sourcecode.swift; path = PhotoAuraApp.swift; sourceTree = "<group>"; };
		6FB01B942B6AEC1C00106352 /* ContentView.swift */ = {isa = PBXFileReference; lastKnownFileType = sourcecode.swift; path = ContentView.swift; sourceTree = "<group>"; };
		6FB01B962B6AEC1D00106352 /* Assets.xcassets */ = {isa = PBXFileReference; lastKnownFileType = folder.assetcatalog; path = Assets.xcassets; sourceTree = "<group>"; };
		6FB01B992B6AEC1D00106352 /* Preview Assets.xcassets */ = {isa = PBXFileReference; lastKnownFileType = folder.assetcatalog; path = "Preview Assets.xcassets"; sourceTree = "<group>"; };
		6FB01BA02B6AEC9300106352 /* LoginView.swift */ = {isa = PBXFileReference; lastKnownFileType = sourcecode.swift; path = LoginView.swift; sourceTree = "<group>"; };
		6FB01BA32B6B4A7300106352 /* Lato-Thin.ttf */ = {isa = PBXFileReference; lastKnownFileType = file; path = "Lato-Thin.ttf"; sourceTree = "<group>"; };
		6FB01BA42B6B4A7300106352 /* Lato-Regular.ttf */ = {isa = PBXFileReference; lastKnownFileType = file; path = "Lato-Regular.ttf"; sourceTree = "<group>"; };
		6FB01BA52B6B4A7300106352 /* Lato-Light.ttf */ = {isa = PBXFileReference; lastKnownFileType = file; path = "Lato-Light.ttf"; sourceTree = "<group>"; };
		6FB01BA62B6B4A7300106352 /* Lato-Black.ttf */ = {isa = PBXFileReference; lastKnownFileType = file; path = "Lato-Black.ttf"; sourceTree = "<group>"; };
		6FB01BA72B6B4A7300106352 /* Lato-Bold.ttf */ = {isa = PBXFileReference; lastKnownFileType = file; path = "Lato-Bold.ttf"; sourceTree = "<group>"; };
		6FB01BAD2B6B4A8900106352 /* Info.plist */ = {isa = PBXFileReference; lastKnownFileType = text.plist; path = Info.plist; sourceTree = "<group>"; };
		6FC511372B6B5D960076CBC4 /* SetupView.swift */ = {isa = PBXFileReference; lastKnownFileType = sourcecode.swift; path = SetupView.swift; sourceTree = "<group>"; };
		6FC511392B6B61E70076CBC4 /* Extentions.swift */ = {isa = PBXFileReference; lastKnownFileType = sourcecode.swift; path = Extentions.swift; sourceTree = "<group>"; };
		6FC5113B2B6B650F0076CBC4 /* ViewModel.swift */ = {isa = PBXFileReference; lastKnownFileType = sourcecode.swift; path = ViewModel.swift; sourceTree = "<group>"; };
		6FC5113D2B6B68070076CBC4 /* Models.swift */ = {isa = PBXFileReference; lastKnownFileType = sourcecode.swift; path = Models.swift; sourceTree = "<group>"; };
		6FC511422B6B73C60076CBC4 /* KeychainHelper.swift */ = {isa = PBXFileReference; lastKnownFileType = sourcecode.swift; path = KeychainHelper.swift; sourceTree = "<group>"; };
		6FC511442B6B78F60076CBC4 /* PhotosView.swift */ = {isa = PBXFileReference; lastKnownFileType = sourcecode.swift; path = PhotosView.swift; sourceTree = "<group>"; };
		6FE3781D2B6D87CE00EB3F5D /* AlbumView.swift */ = {isa = PBXFileReference; lastKnownFileType = sourcecode.swift; path = AlbumView.swift; sourceTree = "<group>"; };
		6FE3781F2B6D93FF00EB3F5D /* SettingsView.swift */ = {isa = PBXFileReference; lastKnownFileType = sourcecode.swift; path = SettingsView.swift; sourceTree = "<group>"; };
/* End PBXFileReference section */

/* Begin PBXFrameworksBuildPhase section */
		6FB01B8C2B6AEC1C00106352 /* Frameworks */ = {
			isa = PBXFrameworksBuildPhase;
			buildActionMask = 2147483647;
			files = (
				6F30D3A22B6B98580098D86C /* CachedAsyncImage in Frameworks */,
				6F30D3A52B6B9A2F0098D86C /* MasonryStack in Frameworks */,
			);
			runOnlyForDeploymentPostprocessing = 0;
		};
/* End PBXFrameworksBuildPhase section */

/* Begin PBXGroup section */
		6FB01B862B6AEC1C00106352 = {
			isa = PBXGroup;
			children = (
				6FB01B912B6AEC1C00106352 /* PhotoAura */,
				6FB01B902B6AEC1C00106352 /* Products */,
			);
			sourceTree = "<group>";
		};
		6FB01B902B6AEC1C00106352 /* Products */ = {
			isa = PBXGroup;
			children = (
				6FB01B8F2B6AEC1C00106352 /* PhotoAura.app */,
			);
			name = Products;
			sourceTree = "<group>";
		};
		6FB01B912B6AEC1C00106352 /* PhotoAura */ = {
			isa = PBXGroup;
			children = (
				6FB01BAD2B6B4A8900106352 /* Info.plist */,
				6FB01BA22B6B4A4F00106352 /* Fonts */,
				6FB01B922B6AEC1C00106352 /* PhotoAuraApp.swift */,
				6FB01B942B6AEC1C00106352 /* ContentView.swift */,
				6FC511402B6B681E0076CBC4 /* Views */,
				6FC5113F2B6B680C0076CBC4 /* Models */,
				6FC511412B6B73B80076CBC4 /* Helpers */,
				6FB01B962B6AEC1D00106352 /* Assets.xcassets */,
				6FB01B982B6AEC1D00106352 /* Preview Content */,
			);
			path = PhotoAura;
			sourceTree = "<group>";
		};
		6FB01B982B6AEC1D00106352 /* Preview Content */ = {
			isa = PBXGroup;
			children = (
				6FB01B992B6AEC1D00106352 /* Preview Assets.xcassets */,
			);
			path = "Preview Content";
			sourceTree = "<group>";
		};
		6FB01BA22B6B4A4F00106352 /* Fonts */ = {
			isa = PBXGroup;
			children = (
				6FB01BA62B6B4A7300106352 /* Lato-Black.ttf */,
				6FB01BA72B6B4A7300106352 /* Lato-Bold.ttf */,
				6FB01BA52B6B4A7300106352 /* Lato-Light.ttf */,
				6FB01BA42B6B4A7300106352 /* Lato-Regular.ttf */,
				6FB01BA32B6B4A7300106352 /* Lato-Thin.ttf */,
			);
			path = Fonts;
			sourceTree = "<group>";
		};
		6FC5113F2B6B680C0076CBC4 /* Models */ = {
			isa = PBXGroup;
			children = (
				6FC5113B2B6B650F0076CBC4 /* ViewModel.swift */,
				6FC5113D2B6B68070076CBC4 /* Models.swift */,
			);
			path = Models;
			sourceTree = "<group>";
		};
		6FC511402B6B681E0076CBC4 /* Views */ = {
			isa = PBXGroup;
			children = (
				6FC511372B6B5D960076CBC4 /* SetupView.swift */,
				6FB01BA02B6AEC9300106352 /* LoginView.swift */,
				6F30D3A82B6C31FA0098D86C /* AlbumsView.swift */,
				6F30D3A62B6C0B340098D86C /* SidebarView.swift */,
				6FE3781D2B6D87CE00EB3F5D /* AlbumView.swift */,
				6FE3781F2B6D93FF00EB3F5D /* SettingsView.swift */,
				6FC511442B6B78F60076CBC4 /* PhotosView.swift */,
			);
			path = Views;
			sourceTree = "<group>";
		};
		6FC511412B6B73B80076CBC4 /* Helpers */ = {
			isa = PBXGroup;
			children = (
				6FC511392B6B61E70076CBC4 /* Extentions.swift */,
				6FC511422B6B73C60076CBC4 /* KeychainHelper.swift */,
			);
			path = Helpers;
			sourceTree = "<group>";
		};
/* End PBXGroup section */

/* Begin PBXNativeTarget section */
		6FB01B8E2B6AEC1C00106352 /* PhotoAura */ = {
			isa = PBXNativeTarget;
			buildConfigurationList = 6FB01B9D2B6AEC1D00106352 /* Build configuration list for PBXNativeTarget "PhotoAura" */;
			buildPhases = (
				6FB01B8B2B6AEC1C00106352 /* Sources */,
				6FB01B8C2B6AEC1C00106352 /* Frameworks */,
				6FB01B8D2B6AEC1C00106352 /* Resources */,
			);
			buildRules = (
			);
			dependencies = (
			);
			name = PhotoAura;
			packageProductDependencies = (
				6F30D3A12B6B98580098D86C /* CachedAsyncImage */,
				6F30D3A42B6B9A2F0098D86C /* MasonryStack */,
			);
			productName = PhotoAura;
			productReference = 6FB01B8F2B6AEC1C00106352 /* PhotoAura.app */;
			productType = "com.apple.product-type.application";
		};
/* End PBXNativeTarget section */

/* Begin PBXProject section */
		6FB01B872B6AEC1C00106352 /* Project object */ = {
			isa = PBXProject;
			attributes = {
				BuildIndependentTargetsInParallel = 1;
				LastSwiftUpdateCheck = 1520;
				LastUpgradeCheck = 1520;
				TargetAttributes = {
					6FB01B8E2B6AEC1C00106352 = {
						CreatedOnToolsVersion = 15.2;
					};
				};
			};
			buildConfigurationList = 6FB01B8A2B6AEC1C00106352 /* Build configuration list for PBXProject "PhotoAura" */;
			compatibilityVersion = "Xcode 14.0";
			developmentRegion = en;
			hasScannedForEncodings = 0;
			knownRegions = (
				en,
				Base,
			);
			mainGroup = 6FB01B862B6AEC1C00106352;
			packageReferences = (
				6F30D3A02B6B98580098D86C /* XCRemoteSwiftPackageReference "swiftui-cached-async-image" */,
				6F30D3A32B6B9A2F0098D86C /* XCRemoteSwiftPackageReference "MasonryStack" */,
			);
			productRefGroup = 6FB01B902B6AEC1C00106352 /* Products */;
			projectDirPath = "";
			projectRoot = "";
			targets = (
				6FB01B8E2B6AEC1C00106352 /* PhotoAura */,
			);
		};
/* End PBXProject section */

/* Begin PBXResourcesBuildPhase section */
		6FB01B8D2B6AEC1C00106352 /* Resources */ = {
			isa = PBXResourcesBuildPhase;
			buildActionMask = 2147483647;
			files = (
				6FB01BAC2B6B4A7300106352 /* Lato-Bold.ttf in Resources */,
				6FB01BAA2B6B4A7300106352 /* Lato-Light.ttf in Resources */,
				6FB01B9A2B6AEC1D00106352 /* Preview Assets.xcassets in Resources */,
				6FB01BA82B6B4A7300106352 /* Lato-Thin.ttf in Resources */,
				6FB01B972B6AEC1D00106352 /* Assets.xcassets in Resources */,
				6FB01BAB2B6B4A7300106352 /* Lato-Black.ttf in Resources */,
				6FB01BA92B6B4A7300106352 /* Lato-Regular.ttf in Resources */,
			);
			runOnlyForDeploymentPostprocessing = 0;
		};
/* End PBXResourcesBuildPhase section */

/* Begin PBXSourcesBuildPhase section */
		6FB01B8B2B6AEC1C00106352 /* Sources */ = {
			isa = PBXSourcesBuildPhase;
			buildActionMask = 2147483647;
			files = (
				6FB01BA12B6AEC9300106352 /* LoginView.swift in Sources */,
				6FB01B952B6AEC1C00106352 /* ContentView.swift in Sources */,
				6FC5113A2B6B61E70076CBC4 /* Extentions.swift in Sources */,
				6FC511432B6B73C60076CBC4 /* KeychainHelper.swift in Sources */,
				6FC511382B6B5D960076CBC4 /* SetupView.swift in Sources */,
				6FC511452B6B78F60076CBC4 /* PhotosView.swift in Sources */,
				6FE3781E2B6D87CE00EB3F5D /* AlbumView.swift in Sources */,
				6FC5113C2B6B650F0076CBC4 /* ViewModel.swift in Sources */,
				6F30D3A72B6C0B340098D86C /* SidebarView.swift in Sources */,
				6FB01B932B6AEC1C00106352 /* PhotoAuraApp.swift in Sources */,
				6FC5113E2B6B68070076CBC4 /* Models.swift in Sources */,
				6F30D3A92B6C31FA0098D86C /* AlbumsView.swift in Sources */,
				6FE378202B6D93FF00EB3F5D /* SettingsView.swift in Sources */,
			);
			runOnlyForDeploymentPostprocessing = 0;
		};
/* End PBXSourcesBuildPhase section */

/* Begin XCBuildConfiguration section */
		6FB01B9B2B6AEC1D00106352 /* Debug */ = {
			isa = XCBuildConfiguration;
			buildSettings = {
				ALWAYS_SEARCH_USER_PATHS = NO;
				ASSETCATALOG_COMPILER_GENERATE_SWIFT_ASSET_SYMBOL_EXTENSIONS = YES;
				CLANG_ANALYZER_NONNULL = YES;
				CLANG_ANALYZER_NUMBER_OBJECT_CONVERSION = YES_AGGRESSIVE;
				CLANG_CXX_LANGUAGE_STANDARD = "gnu++20";
				CLANG_ENABLE_MODULES = YES;
				CLANG_ENABLE_OBJC_ARC = YES;
				CLANG_ENABLE_OBJC_WEAK = YES;
				CLANG_WARN_BLOCK_CAPTURE_AUTORELEASING = YES;
				CLANG_WARN_BOOL_CONVERSION = YES;
				CLANG_WARN_COMMA = YES;
				CLANG_WARN_CONSTANT_CONVERSION = YES;
				CLANG_WARN_DEPRECATED_OBJC_IMPLEMENTATIONS = YES;
				CLANG_WARN_DIRECT_OBJC_ISA_USAGE = YES_ERROR;
				CLANG_WARN_DOCUMENTATION_COMMENTS = YES;
				CLANG_WARN_EMPTY_BODY = YES;
				CLANG_WARN_ENUM_CONVERSION = YES;
				CLANG_WARN_INFINITE_RECURSION = YES;
				CLANG_WARN_INT_CONVERSION = YES;
				CLANG_WARN_NON_LITERAL_NULL_CONVERSION = YES;
				CLANG_WARN_OBJC_IMPLICIT_RETAIN_SELF = YES;
				CLANG_WARN_OBJC_LITERAL_CONVERSION = YES;
				CLANG_WARN_OBJC_ROOT_CLASS = YES_ERROR;
				CLANG_WARN_QUOTED_INCLUDE_IN_FRAMEWORK_HEADER = YES;
				CLANG_WARN_RANGE_LOOP_ANALYSIS = YES;
				CLANG_WARN_STRICT_PROTOTYPES = YES;
				CLANG_WARN_SUSPICIOUS_MOVE = YES;
				CLANG_WARN_UNGUARDED_AVAILABILITY = YES_AGGRESSIVE;
				CLANG_WARN_UNREACHABLE_CODE = YES;
				CLANG_WARN__DUPLICATE_METHOD_MATCH = YES;
				COPY_PHASE_STRIP = NO;
				DEBUG_INFORMATION_FORMAT = dwarf;
				ENABLE_STRICT_OBJC_MSGSEND = YES;
				ENABLE_TESTABILITY = YES;
				ENABLE_USER_SCRIPT_SANDBOXING = YES;
				GCC_C_LANGUAGE_STANDARD = gnu17;
				GCC_DYNAMIC_NO_PIC = NO;
				GCC_NO_COMMON_BLOCKS = YES;
				GCC_OPTIMIZATION_LEVEL = 0;
				GCC_PREPROCESSOR_DEFINITIONS = (
					"DEBUG=1",
					"$(inherited)",
				);
				GCC_WARN_64_TO_32_BIT_CONVERSION = YES;
				GCC_WARN_ABOUT_RETURN_TYPE = YES_ERROR;
				GCC_WARN_UNDECLARED_SELECTOR = YES;
				GCC_WARN_UNINITIALIZED_AUTOS = YES_AGGRESSIVE;
				GCC_WARN_UNUSED_FUNCTION = YES;
				GCC_WARN_UNUSED_VARIABLE = YES;
				IPHONEOS_DEPLOYMENT_TARGET = 16.0;
				LOCALIZATION_PREFERS_STRING_CATALOGS = YES;
				MTL_ENABLE_DEBUG_INFO = INCLUDE_SOURCE;
				MTL_FAST_MATH = YES;
				ONLY_ACTIVE_ARCH = YES;
				SDKROOT = iphoneos;
				SWIFT_ACTIVE_COMPILATION_CONDITIONS = "DEBUG $(inherited)";
				SWIFT_OPTIMIZATION_LEVEL = "-Onone";
			};
			name = Debug;
		};
		6FB01B9C2B6AEC1D00106352 /* Release */ = {
			isa = XCBuildConfiguration;
			buildSettings = {
				ALWAYS_SEARCH_USER_PATHS = NO;
				ASSETCATALOG_COMPILER_GENERATE_SWIFT_ASSET_SYMBOL_EXTENSIONS = YES;
				CLANG_ANALYZER_NONNULL = YES;
				CLANG_ANALYZER_NUMBER_OBJECT_CONVERSION = YES_AGGRESSIVE;
				CLANG_CXX_LANGUAGE_STANDARD = "gnu++20";
				CLANG_ENABLE_MODULES = YES;
				CLANG_ENABLE_OBJC_ARC = YES;
				CLANG_ENABLE_OBJC_WEAK = YES;
				CLANG_WARN_BLOCK_CAPTURE_AUTORELEASING = YES;
				CLANG_WARN_BOOL_CONVERSION = YES;
				CLANG_WARN_COMMA = YES;
				CLANG_WARN_CONSTANT_CONVERSION = YES;
				CLANG_WARN_DEPRECATED_OBJC_IMPLEMENTATIONS = YES;
				CLANG_WARN_DIRECT_OBJC_ISA_USAGE = YES_ERROR;
				CLANG_WARN_DOCUMENTATION_COMMENTS = YES;
				CLANG_WARN_EMPTY_BODY = YES;
				CLANG_WARN_ENUM_CONVERSION = YES;
				CLANG_WARN_INFINITE_RECURSION = YES;
				CLANG_WARN_INT_CONVERSION = YES;
				CLANG_WARN_NON_LITERAL_NULL_CONVERSION = YES;
				CLANG_WARN_OBJC_IMPLICIT_RETAIN_SELF = YES;
				CLANG_WARN_OBJC_LITERAL_CONVERSION = YES;
				CLANG_WARN_OBJC_ROOT_CLASS = YES_ERROR;
				CLANG_WARN_QUOTED_INCLUDE_IN_FRAMEWORK_HEADER = YES;
				CLANG_WARN_RANGE_LOOP_ANALYSIS = YES;
				CLANG_WARN_STRICT_PROTOTYPES = YES;
				CLANG_WARN_SUSPICIOUS_MOVE = YES;
				CLANG_WARN_UNGUARDED_AVAILABILITY = YES_AGGRESSIVE;
				CLANG_WARN_UNREACHABLE_CODE = YES;
				CLANG_WARN__DUPLICATE_METHOD_MATCH = YES;
				COPY_PHASE_STRIP = NO;
				DEBUG_INFORMATION_FORMAT = "dwarf-with-dsym";
				ENABLE_NS_ASSERTIONS = NO;
				ENABLE_STRICT_OBJC_MSGSEND = YES;
				ENABLE_USER_SCRIPT_SANDBOXING = YES;
				GCC_C_LANGUAGE_STANDARD = gnu17;
				GCC_NO_COMMON_BLOCKS = YES;
				GCC_WARN_64_TO_32_BIT_CONVERSION = YES;
				GCC_WARN_ABOUT_RETURN_TYPE = YES_ERROR;
				GCC_WARN_UNDECLARED_SELECTOR = YES;
				GCC_WARN_UNINITIALIZED_AUTOS = YES_AGGRESSIVE;
				GCC_WARN_UNUSED_FUNCTION = YES;
				GCC_WARN_UNUSED_VARIABLE = YES;
				IPHONEOS_DEPLOYMENT_TARGET = 16.0;
				LOCALIZATION_PREFERS_STRING_CATALOGS = YES;
				MTL_ENABLE_DEBUG_INFO = NO;
				MTL_FAST_MATH = YES;
				SDKROOT = iphoneos;
				SWIFT_COMPILATION_MODE = wholemodule;
				VALIDATE_PRODUCT = YES;
			};
			name = Release;
		};
		6FB01B9E2B6AEC1D00106352 /* Debug */ = {
			isa = XCBuildConfiguration;
			buildSettings = {
				ASSETCATALOG_COMPILER_APPICON_NAME = AppIcon;
				ASSETCATALOG_COMPILER_GLOBAL_ACCENT_COLOR_NAME = AccentColor;
				CODE_SIGN_STYLE = Automatic;
				CURRENT_PROJECT_VERSION = 2;
				DEVELOPMENT_ASSET_PATHS = "\"PhotoAura/Preview Content\"";
				DEVELOPMENT_TEAM = 9PX6B5P246;
				ENABLE_PREVIEWS = YES;
				GENERATE_INFOPLIST_FILE = YES;
				INFOPLIST_FILE = PhotoAura/Info.plist;
				INFOPLIST_KEY_LSApplicationCategoryType = "public.app-category.photography";
				INFOPLIST_KEY_NSPhotoLibraryAddUsageDescription = "Add Photos to Photo Library";
				INFOPLIST_KEY_NSPhotoLibraryUsageDescription = "Add Photos to Photo Library";
				INFOPLIST_KEY_UIApplicationSceneManifest_Generation = YES;
				INFOPLIST_KEY_UIApplicationSupportsIndirectInputEvents = YES;
				INFOPLIST_KEY_UILaunchScreen_Generation = YES;
				INFOPLIST_KEY_UISupportedInterfaceOrientations = UIInterfaceOrientationPortrait;
				INFOPLIST_KEY_UISupportedInterfaceOrientations_iPad = "UIInterfaceOrientationLandscapeLeft UIInterfaceOrientationLandscapeRight UIInterfaceOrientationPortrait";
				IPHONEOS_DEPLOYMENT_TARGET = 16.0;
				LD_RUNPATH_SEARCH_PATHS = (
					"$(inherited)",
					"@executable_path/Frameworks",
				);
				MARKETING_VERSION = 1.0;
				PRODUCT_BUNDLE_IDENTIFIER = com.radsoftinc.PhotoAura;
				PRODUCT_NAME = "$(TARGET_NAME)";
				SUPPORTED_PLATFORMS = "iphoneos iphonesimulator";
				SUPPORTS_MACCATALYST = NO;
				SUPPORTS_MAC_DESIGNED_FOR_IPHONE_IPAD = NO;
				SUPPORTS_XR_DESIGNED_FOR_IPHONE_IPAD = NO;
				SWIFT_EMIT_LOC_STRINGS = YES;
				SWIFT_VERSION = 5.0;
				TARGETED_DEVICE_FAMILY = 1;
			};
			name = Debug;
		};
		6FB01B9F2B6AEC1D00106352 /* Release */ = {
			isa = XCBuildConfiguration;
			buildSettings = {
				ASSETCATALOG_COMPILER_APPICON_NAME = AppIcon;
				ASSETCATALOG_COMPILER_GLOBAL_ACCENT_COLOR_NAME = AccentColor;
				CODE_SIGN_STYLE = Automatic;
				CURRENT_PROJECT_VERSION = 2;
				DEVELOPMENT_ASSET_PATHS = "\"PhotoAura/Preview Content\"";
				DEVELOPMENT_TEAM = 9PX6B5P246;
				ENABLE_PREVIEWS = YES;
				GENERATE_INFOPLIST_FILE = YES;
				INFOPLIST_FILE = PhotoAura/Info.plist;
				INFOPLIST_KEY_LSApplicationCategoryType = "public.app-category.photography";
				INFOPLIST_KEY_NSPhotoLibraryAddUsageDescription = "Add Photos to Photo Library";
				INFOPLIST_KEY_NSPhotoLibraryUsageDescription = "Add Photos to Photo Library";
				INFOPLIST_KEY_UIApplicationSceneManifest_Generation = YES;
				INFOPLIST_KEY_UIApplicationSupportsIndirectInputEvents = YES;
				INFOPLIST_KEY_UILaunchScreen_Generation = YES;
				INFOPLIST_KEY_UISupportedInterfaceOrientations = UIInterfaceOrientationPortrait;
				INFOPLIST_KEY_UISupportedInterfaceOrientations_iPad = "UIInterfaceOrientationLandscapeLeft UIInterfaceOrientationLandscapeRight UIInterfaceOrientationPortrait";
				IPHONEOS_DEPLOYMENT_TARGET = 16.0;
				LD_RUNPATH_SEARCH_PATHS = (
					"$(inherited)",
					"@executable_path/Frameworks",
				);
				MARKETING_VERSION = 1.0;
				PRODUCT_BUNDLE_IDENTIFIER = com.radsoftinc.PhotoAura;
				PRODUCT_NAME = "$(TARGET_NAME)";
				SUPPORTED_PLATFORMS = "iphoneos iphonesimulator";
				SUPPORTS_MACCATALYST = NO;
				SUPPORTS_MAC_DESIGNED_FOR_IPHONE_IPAD = NO;
				SUPPORTS_XR_DESIGNED_FOR_IPHONE_IPAD = NO;
				SWIFT_EMIT_LOC_STRINGS = YES;
				SWIFT_VERSION = 5.0;
				TARGETED_DEVICE_FAMILY = 1;
			};
			name = Release;
		};
/* End XCBuildConfiguration section */

/* Begin XCConfigurationList section */
		6FB01B8A2B6AEC1C00106352 /* Build configuration list for PBXProject "PhotoAura" */ = {
			isa = XCConfigurationList;
			buildConfigurations = (
				6FB01B9B2B6AEC1D00106352 /* Debug */,
				6FB01B9C2B6AEC1D00106352 /* Release */,
			);
			defaultConfigurationIsVisible = 0;
			defaultConfigurationName = Release;
		};
		6FB01B9D2B6AEC1D00106352 /* Build configuration list for PBXNativeTarget "PhotoAura" */ = {
			isa = XCConfigurationList;
			buildConfigurations = (
				6FB01B9E2B6AEC1D00106352 /* Debug */,
				6FB01B9F2B6AEC1D00106352 /* Release */,
			);
			defaultConfigurationIsVisible = 0;
			defaultConfigurationName = Release;
		};
/* End XCConfigurationList section */

/* Begin XCRemoteSwiftPackageReference section */
		6F30D3A02B6B98580098D86C /* XCRemoteSwiftPackageReference "swiftui-cached-async-image" */ = {
			isa = XCRemoteSwiftPackageReference;
			repositoryURL = "https://github.com/lorenzofiamingo/swiftui-cached-async-image.git";
			requirement = {
				kind = upToNextMajorVersion;
				minimumVersion = 2.1.1;
			};
		};
		6F30D3A32B6B9A2F0098D86C /* XCRemoteSwiftPackageReference "MasonryStack" */ = {
			isa = XCRemoteSwiftPackageReference;
			repositoryURL = "https://github.com/lukepistrol/MasonryStack.git";
			requirement = {
				kind = upToNextMajorVersion;
				minimumVersion = 0.1.0;
			};
		};
/* End XCRemoteSwiftPackageReference section */

/* Begin XCSwiftPackageProductDependency section */
		6F30D3A12B6B98580098D86C /* CachedAsyncImage */ = {
			isa = XCSwiftPackageProductDependency;
			package = 6F30D3A02B6B98580098D86C /* XCRemoteSwiftPackageReference "swiftui-cached-async-image" */;
			productName = CachedAsyncImage;
		};
		6F30D3A42B6B9A2F0098D86C /* MasonryStack */ = {
			isa = XCSwiftPackageProductDependency;
			package = 6F30D3A32B6B9A2F0098D86C /* XCRemoteSwiftPackageReference "MasonryStack" */;
			productName = MasonryStack;
		};
/* End XCSwiftPackageProductDependency section */
	};
	rootObject = 6FB01B872B6AEC1C00106352 /* Project object */;
}
