{
  "pins" : [
    {
      "identity" : "masonrystack",
      "kind" : "remoteSourceControl",
      "location" : "https://github.com/lukepistrol/MasonryStack.git",
      "state" : {
        "revision" : "d0901713a72febe9bee7b8db5af6fb5d63362ab8",
        "version" : "0.1.0"
      }
    },
    {
      "identity" : "swiftui-cached-async-image",
      "kind" : "remoteSourceControl",
      "location" : "https://github.com/lorenzofiamingo/swiftui-cached-async-image.git",
      "state" : {
        "revision" : "467a3d17479887943ab917a379e62bbaff60ac8a",
        "version" : "2.1.1"
      }
    }
  ],
  "version" : 2
}
